
Microsoft Visual Studio Solution File, Format Version 12.00
# Visual Studio Version 16
VisualStudioVersion = 16.0.29911.84
MinimumVisualStudioVersion = 10.0.40219.1
Project("{9A19103F-16F7-4668-BE54-9A1E7A4F7556}") = "AdvancedTopics", "AdvancedTopics\AdvancedTopics.csproj", "{7752FD9B-51EF-41C7-B087-64F925EF49B5}"
EndProject
Project("{9A19103F-16F7-4668-BE54-9A1E7A4F7556}") = "TestConsole", "TestConsole\TestConsole.csproj", "{C8F28A56-6617-4E22-914E-FFEB9F7AB6AA}"
EndProject
Project("{2150E333-8FDC-42A3-9474-1A3956D46DE8}") = "AdvancedTopics-AsyncAwait", "AdvancedTopics-AsyncAwait", "{D7131EF3-B9AF-41EC-B2A3-28046A6F1274}"
EndProject
Project("{FAE04EC0-301F-11D3-BF4B-00C04F79EFBC}") = "AsyncAwait", "AsyncAwait\AsyncAwait.csproj", "{9BE72F6A-9BAD-40E8-B6F7-ECFD70E8BB82}"
EndProject
Global
	GlobalSection(SolutionConfigurationPlatforms) = preSolution
		Debug|Any CPU = Debug|Any CPU
		Release|Any CPU = Release|Any CPU
	EndGlobalSection
	GlobalSection(ProjectConfigurationPlatforms) = postSolution
		{7752FD9B-51EF-41C7-B087-64F925EF49B5}.Debug|Any CPU.ActiveCfg = Debug|Any CPU
		{7752FD9B-51EF-41C7-B087-64F925EF49B5}.Debug|Any CPU.Build.0 = Debug|Any CPU
		{7752FD9B-51EF-41C7-B087-64F925EF49B5}.Release|Any CPU.ActiveCfg = Release|Any CPU
		{7752FD9B-51EF-41C7-B087-64F925EF49B5}.Release|Any CPU.Build.0 = Release|Any CPU
		{C8F28A56-6617-4E22-914E-FFEB9F7AB6AA}.Debug|Any CPU.ActiveCfg = Debug|Any CPU
		{C8F28A56-6617-4E22-914E-FFEB9F7AB6AA}.Debug|Any CPU.Build.0 = Debug|Any CPU
		{C8F28A56-6617-4E22-914E-FFEB9F7AB6AA}.Release|Any CPU.ActiveCfg = Release|Any CPU
		{C8F28A56-6617-4E22-914E-FFEB9F7AB6AA}.Release|Any CPU.Build.0 = Release|Any CPU
		{9BE72F6A-9BAD-40E8-B6F7-ECFD70E8BB82}.Debug|Any CPU.ActiveCfg = Debug|Any CPU
		{9BE72F6A-9BAD-40E8-B6F7-ECFD70E8BB82}.Debug|Any CPU.Build.0 = Debug|Any CPU
		{9BE72F6A-9BAD-40E8-B6F7-ECFD70E8BB82}.Release|Any CPU.ActiveCfg = Release|Any CPU
		{9BE72F6A-9BAD-40E8-B6F7-ECFD70E8BB82}.Release|Any CPU.Build.0 = Release|Any CPU
	EndGlobalSection
	GlobalSection(SolutionProperties) = preSolution
		HideSolutionNode = FALSE
	EndGlobalSection
	GlobalSection(NestedProjects) = preSolution
		{9BE72F6A-9BAD-40E8-B6F7-ECFD70E8BB82} = {D7131EF3-B9AF-41EC-B2A3-28046A6F1274}
	EndGlobalSection
	GlobalSection(ExtensibilityGlobals) = postSolution
		SolutionGuid = {7FB98870-49FB-47C8-8168-BBACD32233AB}
	EndGlobalSection
EndGlobal
